{
  "lockfileVersion": 1,
  "configVersion": 0,
  "workspaces": {
    "": {
      "name": "cfb-todo-app-example",
      "dependencies": {
        "bun-file-mover-plugin": "^1.0.0",
        "chain-functions-behavior": "file:../..",
        "serve-static-bun": "^0.5.3",
      },
    },
  },
  "packages": {
    "bun-file-mover-plugin": ["bun-file-mover-plugin@1.0.7", "", {}, ""],

    "chain-functions-behavior": ["/..@file:../..", {}],

    "serve-static-bun": ["serve-static-bun@0.5.3", "", {}, ""],
  }
}
