{
  "name": "cfb-todo-app-example",
  "lockfileVersion": 3,
  "requires": true,
  "packages": {
    "": {
      "name": "cfb-todo-app-example",
      "dependencies": {
        "bun-file-mover-plugin": "^1.0.0",
        "chain-functions-behavior": "file:../..",
        "serve-static-bun": "^0.5.3"
      }
    },
    "../..": {
      "version": "0.1.7",
      "license": "ISC",
      "dependencies": {
        "nanoid": "^5.1.16",
        "objwalk": "^0.2.0"
      },
      "devDependencies": {
        "@types/node": "^26.1.0",
        "prettier": "^3.0.0",
        "tsup": "^8.5.1",
        "typescript": "^5.9.3",
        "vitest": "^4.1.10"
      },
      "engines": {
        "node": ">=18"
      }
    },
    "node_modules/bun-file-mover-plugin": {
      "version": "1.0.7",
      "license": "MIT"
    },
    "node_modules/chain-functions-behavior": {
      "resolved": "../..",
      "link": true
    },
    "node_modules/serve-static-bun": {
      "version": "0.5.3",
      "funding": [
        "https://github.com/sponsors/jakobbouchard"
      ],
      "license": "MIT"
    }
  }
}
